
Microsoft Visual Studio Solution File, Format Version 12.00
# Visual Studio Version 16
VisualStudioVersion = 16.0.30804.86
MinimumVisualStudioVersion = 10.0.40219.1
Project("{FAE04EC0-301F-11D3-BF4B-00C04F79EFBC}") = "2_Practica", "2_Practica.csproj", "{C1E462CF-EAE4-4123-AB40-686E1E391B87}"
EndProject
Global
	GlobalSection(SolutionConfigurationPlatforms) = preSolution
		Debug|Any CPU = Debug|Any CPU
		Release|Any CPU = Release|Any CPU
	EndGlobalSection
	GlobalSection(ProjectConfigurationPlatforms) = postSolution
		{C1E462CF-EAE4-4123-AB40-686E1E391B87}.Debug|Any CPU.ActiveCfg = Debug|Any CPU
		{C1E462CF-EAE4-4123-AB40-686E1E391B87}.Debug|Any CPU.Build.0 = Debug|Any CPU
		{C1E462CF-EAE4-4123-AB40-686E1E391B87}.Release|Any CPU.ActiveCfg = Release|Any CPU
		{C1E462CF-EAE4-4123-AB40-686E1E391B87}.Release|Any CPU.Build.0 = Release|Any CPU
	EndGlobalSection
	GlobalSection(SolutionProperties) = preSolution
		HideSolutionNode = FALSE
	EndGlobalSection
	GlobalSection(ExtensibilityGlobals) = postSolution
		SolutionGuid = {62F5C4D2-D623-4DF4-930D-F51DB0CA6DAB}
	EndGlobalSection
EndGlobal
